// !$*UTF8*$!
{
	archiveVersion = 1;
	classes = {
	};
	objectVersion = 50;
	objects = {

/* Begin PBXBuildFile section */
		D553EE8122C38804009E30D1 /* AppDelegate.swift in Sources */ = {isa = PBXBuildFile; fileRef = D553EE8022C38804009E30D1 /* AppDelegate.swift */; };
		D553EE8322C38804009E30D1 /* ViewController.swift in Sources */ = {isa = PBXBuildFile; fileRef = D553EE8222C38804009E30D1 /* ViewController.swift */; };
		D553EE8622C38804009E30D1 /* Main.storyboard in Resources */ = {isa = PBXBuildFile; fileRef = D553EE8422C38804009E30D1 /* Main.storyboard */; };
		D553EE8822C38806009E30D1 /* Assets.xcassets in Resources */ = {isa = PBXBuildFile; fileRef = D553EE8722C38806009E30D1 /* Assets.xcassets */; };
		D553EE8B22C38806009E30D1 /* LaunchScreen.storyboard in Resources */ = {isa = PBXBuildFile; fileRef = D553EE8922C38806009E30D1 /* LaunchScreen.storyboard */; };
		D553EE9322C3889F009E30D1 /* LocationService.swift in Sources */ = {isa = PBXBuildFile; fileRef = D553EE9222C3889F009E30D1 /* LocationService.swift */; };
/* End PBXBuildFile section */

/* Begin PBXFileReference section */
		D553EE7D22C38804009E30D1 /* CurrentLocationDemo.app */ = {isa = PBXFileReference; explicitFileType = wrapper.application; includeInIndex = 0; path = CurrentLocationDemo.app; sourceTree = BUILT_PRODUCTS_DIR; };
		D553EE8022C38804009E30D1 /* AppDelegate.swift */ = {isa = PBXFileReference; lastKnownFileType = sourcecode.swift; path = AppDelegate.swift; sourceTree = "<group>"; };
		D553EE8222C38804009E30D1 /* ViewController.swift */ = {isa = PBXFileReference; lastKnownFileType = sourcecode.swift; path = ViewController.swift; sourceTree = "<group>"; };
		D553EE8522C38804009E30D1 /* Base */ = {isa = PBXFileReference; lastKnownFileType = file.storyboard; name = Base; path = Base.lproj/Main.storyboard; sourceTree = "<group>"; };
		D553EE8722C38806009E30D1 /* Assets.xcassets */ = {isa = PBXFileReference; lastKnownFileType = folder.assetcatalog; path = Assets.xcassets; sourceTree = "<group>"; };
		D553EE8A22C38806009E30D1 /* Base */ = {isa = PBXFileReference; lastKnownFileType = file.storyboard; name = Base; path = Base.lproj/LaunchScreen.storyboard; sourceTree = "<group>"; };
		D553EE8C22C38806009E30D1 /* Info.plist */ = {isa = PBXFileReference; lastKnownFileType = text.plist.xml; path = Info.plist; sourceTree = "<group>"; };
		D553EE9222C3889F009E30D1 /* LocationService.swift */ = {isa = PBXFileReference; lastKnownFileType = sourcecode.swift; path = LocationService.swift; sourceTree = "<group>"; };
/* End PBXFileReference section */

/* Begin PBXFrameworksBuildPhase section */
		D553EE7A22C38804009E30D1 /* Frameworks */ = {
			isa = PBXFrameworksBuildPhase;
			buildActionMask = 2147483647;
			files = (
			);
			runOnlyForDeploymentPostprocessing = 0;
		};
/* End PBXFrameworksBuildPhase section */

/* Begin PBXGroup section */
		D553EE7422C38804009E30D1 = {
			isa = PBXGroup;
			children = (
				D553EE7F22C38804009E30D1 /* CurrentLocationDemo */,
				D553EE7E22C38804009E30D1 /* Products */,
			);
			sourceTree = "<group>";
		};
		D553EE7E22C38804009E30D1 /* Products */ = {
			isa = PBXGroup;
			children = (
				D553EE7D22C38804009E30D1 /* CurrentLocationDemo.app */,
			);
			name = Products;
			sourceTree = "<group>";
		};
		D553EE7F22C38804009E30D1 /* CurrentLocationDemo */ = {
			isa = PBXGroup;
			children = (
				D553EE8022C38804009E30D1 /* AppDelegate.swift */,
				D553EE8222C38804009E30D1 /* ViewController.swift */,
				D553EE8422C38804009E30D1 /* Main.storyboard */,
				D553EE9222C3889F009E30D1 /* LocationService.swift */,
				D553EE8722C38806009E30D1 /* Assets.xcassets */,
				D553EE8922C38806009E30D1 /* LaunchScreen.storyboard */,
				D553EE8C22C38806009E30D1 /* Info.plist */,
			);
			path = CurrentLocationDemo;
			sourceTree = "<group>";
		};
/* End PBXGroup section */

/* Begin PBXNativeTarget section */
		D553EE7C22C38804009E30D1 /* CurrentLocationDemo */ = {
			isa = PBXNativeTarget;
			buildConfigurationList = D553EE8F22C38806009E30D1 /* Build configuration list for PBXNativeTarget "CurrentLocationDemo" */;
			buildPhases = (
				D553EE7922C38804009E30D1 /* Sources */,
				D553EE7A22C38804009E30D1 /* Frameworks */,
				D553EE7B22C38804009E30D1 /* Resources */,
			);
			buildRules = (
			);
			dependencies = (
			);
			name = CurrentLocationDemo;
			productName = CurrentLocationDemo;
			productReference = D553EE7D22C38804009E30D1 /* CurrentLocationDemo.app */;
			productType = "com.apple.product-type.application";
		};
/* End PBXNativeTarget section */

/* Begin PBXProject section */
		D553EE7522C38804009E30D1 /* Project object */ = {
			isa = PBXProject;
			attributes = {
				LastSwiftUpdateCheck = 1020;
				LastUpgradeCheck = 1020;
				ORGANIZATIONNAME = "Sunday Mobility";
				TargetAttributes = {
					D553EE7C22C38804009E30D1 = {
						CreatedOnToolsVersion = 10.2.1;
					};
				};
			};
			buildConfigurationList = D553EE7822C38804009E30D1 /* Build configuration list for PBXProject "CurrentLocationDemo" */;
			compatibilityVersion = "Xcode 9.3";
			developmentRegion = en;
			hasScannedForEncodings = 0;
			knownRegions = (
				en,
				Base,
			);
			mainGroup = D553EE7422C38804009E30D1;
			productRefGroup = D553EE7E22C38804009E30D1 /* Products */;
			projectDirPath = "";
			projectRoot = "";
			targets = (
				D553EE7C22C38804009E30D1 /* CurrentLocationDemo */,
			);
		};
/* End PBXProject section */

/* Begin PBXResourcesBuildPhase section */
		D553EE7B22C38804009E30D1 /* Resources */ = {
			isa = PBXResourcesBuildPhase;
			buildActionMask = 2147483647;
			files = (
				D553EE8B22C38806009E30D1 /* LaunchScreen.storyboard in Resources */,
				D553EE8822C38806009E30D1 /* Assets.xcassets in Resources */,
				D553EE8622C38804009E30D1 /* Main.storyboard in Resources */,
			);
			runOnlyForDeploymentPostprocessing = 0;
		};
/* End PBXResourcesBuildPhase section */

/* Begin PBXSourcesBuildPhase section */
		D553EE7922C38804009E30D1 /* Sources */ = {
			isa = PBXSourcesBuildPhase;
			buildActionMask = 2147483647;
			files = (
				D553EE8322C38804009E30D1 /* ViewController.swift in Sources */,
				D553EE9322C3889F009E30D1 /* LocationService.swift in Sources */,
				D553EE8122C38804009E30D1 /* AppDelegate.swift in Sources */,
			);
			runOnlyForDeploymentPostprocessing = 0;
		};
/* End PBXSourcesBuildPhase section */

/* Begin PBXVariantGroup section */
		D553EE8422C38804009E30D1 /* Main.storyboard */ = {
			isa = PBXVariantGroup;
			children = (
				D553EE8522C38804009E30D1 /* Base */,
			);
			name = Main.storyboard;
			sourceTree = "<group>";
		};
		D553EE8922C38806009E30D1 /* LaunchScreen.storyboard */ = {
			isa = PBXVariantGroup;
			children = (
				D553EE8A22C38806009E30D1 /* Base */,
			);
			name = LaunchScreen.storyboard;
			sourceTree = "<group>";
		};
/* End PBXVariantGroup section */

/* Begin XCBuildConfiguration section */
		D553EE8D22C38806009E30D1 /* Debug */ = {
			isa = XCBuildConfiguration;
			buildSettings = {
				ALWAYS_SEARCH_USER_PATHS = NO;
				CLANG_ANALYZER_NONNULL = YES;
				CLANG_ANALYZER_NUMBER_OBJECT_CONVERSION = YES_AGGRESSIVE;
				CLANG_CXX_LANGUAGE_STANDARD = "gnu++14";
				CLANG_CXX_LIBRARY = "libc++";
				CLANG_ENABLE_MODULES = YES;
				CLANG_ENABLE_OBJC_ARC = YES;
				CLANG_ENABLE_OBJC_WEAK = YES;
				CLANG_WARN_BLOCK_CAPTURE_AUTORELEASING = YES;
				CLANG_WARN_BOOL_CONVERSION = YES;
				CLANG_WARN_COMMA = YES;
				CLANG_WARN_CONSTANT_CONVERSION = YES;
				CLANG_WARN_DEPRECATED_OBJC_IMPLEMENTATIONS = YES;
				CLANG_WARN_DIRECT_OBJC_ISA_USAGE = YES_ERROR;
				CLANG_WARN_DOCUMENTATION_COMMENTS = YES;
				CLANG_WARN_EMPTY_BODY = YES;
				CLANG_WARN_ENUM_CONVERSION = YES;
				CLANG_WARN_INFINITE_RECURSION = YES;
				CLANG_WARN_INT_CONVERSION = YES;
				CLANG_WARN_NON_LITERAL_NULL_CONVERSION = YES;
				CLANG_WARN_OBJC_IMPLICIT_RETAIN_SELF = YES;
				CLANG_WARN_OBJC_LITERAL_CONVERSION = YES;
				CLANG_WARN_OBJC_ROOT_CLASS = YES_ERROR;
				CLANG_WARN_RANGE_LOOP_ANALYSIS = YES;
				CLANG_WARN_STRICT_PROTOTYPES = YES;
				CLANG_WARN_SUSPICIOUS_MOVE = YES;
				CLANG_WARN_UNGUARDED_AVAILABILITY = YES_AGGRESSIVE;
				CLANG_WARN_UNREACHABLE_CODE = YES;
				CLANG_WARN__DUPLICATE_METHOD_MATCH = YES;
				CODE_SIGN_IDENTITY = "iPhone Developer";
				COPY_PHASE_STRIP = NO;
				DEBUG_INFORMATION_FORMAT = dwarf;
				ENABLE_STRICT_OBJC_MSGSEND = YES;
				ENABLE_TESTABILITY = YES;
				GCC_C_LANGUAGE_STANDARD = gnu11;
				GCC_DYNAMIC_NO_PIC = NO;
				GCC_NO_COMMON_BLOCKS = YES;
				GCC_OPTIMIZATION_LEVEL = 0;
				GCC_PREPROCESSOR_DEFINITIONS = (
					"DEBUG=1",
					"$(inherited)",
				);
				GCC_WARN_64_TO_32_BIT_CONVERSION = YES;
				GCC_WARN_ABOUT_RETURN_TYPE = YES_ERROR;
				GCC_WARN_UNDECLARED_SELECTOR = YES;
				GCC_WARN_UNINITIALIZED_AUTOS = YES_AGGRESSIVE;
				GCC_WARN_UNUSED_FUNCTION = YES;
				GCC_WARN_UNUSED_VARIABLE = YES;
				IPHONEOS_DEPLOYMENT_TARGET = 12.2;
				MTL_ENABLE_DEBUG_INFO = INCLUDE_SOURCE;
				MTL_FAST_MATH = YES;
				ONLY_ACTIVE_ARCH = YES;
				SDKROOT = iphoneos;
				SWIFT_ACTIVE_COMPILATION_CONDITIONS = DEBUG;
				SWIFT_OPTIMIZATION_LEVEL = "-Onone";
			};
			name = Debug;
		};
		D553EE8E22C38806009E30D1 /* Release */ = {
			isa = XCBuildConfiguration;
			buildSettings = {
				ALWAYS_SEARCH_USER_PATHS = NO;
				CLANG_ANALYZER_NONNULL = YES;
				CLANG_ANALYZER_NUMBER_OBJECT_CONVERSION = YES_AGGRESSIVE;
				CLANG_CXX_LANGUAGE_STANDARD = "gnu++14";
				CLANG_CXX_LIBRARY = "libc++";
				CLANG_ENABLE_MODULES = YES;
				CLANG_ENABLE_OBJC_ARC = YES;
				CLANG_ENABLE_OBJC_WEAK = YES;
				CLANG_WARN_BLOCK_CAPTURE_AUTORELEASING = YES;
				CLANG_WARN_BOOL_CONVERSION = YES;
				CLANG_WARN_COMMA = YES;
				CLANG_WARN_CONSTANT_CONVERSION = YES;
				CLANG_WARN_DEPRECATED_OBJC_IMPLEMENTATIONS = YES;
				CLANG_WARN_DIRECT_OBJC_ISA_USAGE = YES_ERROR;
				CLANG_WARN_DOCUMENTATION_COMMENTS = YES;
				CLANG_WARN_EMPTY_BODY = YES;
				CLANG_WARN_ENUM_CONVERSION = YES;
				CLANG_WARN_INFINITE_RECURSION = YES;
				CLANG_WARN_INT_CONVERSION = YES;
				CLANG_WARN_NON_LITERAL_NULL_CONVERSION = YES;
				CLANG_WARN_OBJC_IMPLICIT_RETAIN_SELF = YES;
				CLANG_WARN_OBJC_LITERAL_CONVERSION = YES;
				CLANG_WARN_OBJC_ROOT_CLASS = YES_ERROR;
				CLANG_WARN_RANGE_LOOP_ANALYSIS = YES;
				CLANG_WARN_STRICT_PROTOTYPES = YES;
				CLANG_WARN_SUSPICIOUS_MOVE = YES;
				CLANG_WARN_UNGUARDED_AVAILABILITY = YES_AGGRESSIVE;
				CLANG_WARN_UNREACHABLE_CODE = YES;
				CLANG_WARN__DUPLICATE_METHOD_MATCH = YES;
				CODE_SIGN_IDENTITY = "iPhone Developer";
				COPY_PHASE_STRIP = NO;
				DEBUG_INFORMATION_FORMAT = "dwarf-with-dsym";
				ENABLE_NS_ASSERTIONS = NO;
				ENABLE_STRICT_OBJC_MSGSEND = YES;
				GCC_C_LANGUAGE_STANDARD = gnu11;
				GCC_NO_COMMON_BLOCKS = YES;
				GCC_WARN_64_TO_32_BIT_CONVERSION = YES;
				GCC_WARN_ABOUT_RETURN_TYPE = YES_ERROR;
				GCC_WARN_UNDECLARED_SELECTOR = YES;
				GCC_WARN_UNINITIALIZED_AUTOS = YES_AGGRESSIVE;
				GCC_WARN_UNUSED_FUNCTION = YES;
				GCC_WARN_UNUSED_VARIABLE = YES;
				IPHONEOS_DEPLOYMENT_TARGET = 12.2;
				MTL_ENABLE_DEBUG_INFO = NO;
				MTL_FAST_MATH = YES;
				SDKROOT = iphoneos;
				SWIFT_COMPILATION_MODE = wholemodule;
				SWIFT_OPTIMIZATION_LEVEL = "-O";
				VALIDATE_PRODUCT = YES;
			};
			name = Release;
		};
		D553EE9022C38806009E30D1 /* Debug */ = {
			isa = XCBuildConfiguration;
			buildSettings = {
				ASSETCATALOG_COMPILER_APPICON_NAME = AppIcon;
				CODE_SIGN_STYLE = Automatic;
				DEVELOPMENT_TEAM = 56MY79JN7Q;
				INFOPLIST_FILE = CurrentLocationDemo/Info.plist;
				LD_RUNPATH_SEARCH_PATHS = (
					"$(inherited)",
					"@executable_path/Frameworks",
				);
				PRODUCT_BUNDLE_IDENTIFIER = com.noor.CurrentLocationDemo;
				PRODUCT_NAME = "$(TARGET_NAME)";
				SWIFT_VERSION = 5.0;
				TARGETED_DEVICE_FAMILY = "1,2";
			};
			name = Debug;
		};
		D553EE9122C38806009E30D1 /* Release */ = {
			isa = XCBuildConfiguration;
			buildSettings = {
				ASSETCATALOG_COMPILER_APPICON_NAME = AppIcon;
				CODE_SIGN_STYLE = Automatic;
				DEVELOPMENT_TEAM = 56MY79JN7Q;
				INFOPLIST_FILE = CurrentLocationDemo/Info.plist;
				LD_RUNPATH_SEARCH_PATHS = (
					"$(inherited)",
					"@executable_path/Frameworks",
				);
				PRODUCT_BUNDLE_IDENTIFIER = com.noor.CurrentLocationDemo;
				PRODUCT_NAME = "$(TARGET_NAME)";
				SWIFT_VERSION = 5.0;
				TARGETED_DEVICE_FAMILY = "1,2";
			};
			name = Release;
		};
/* End XCBuildConfiguration section */

/* Begin XCConfigurationList section */
		D553EE7822C38804009E30D1 /* Build configuration list for PBXProject "CurrentLocationDemo" */ = {
			isa = XCConfigurationList;
			buildConfigurations = (
				D553EE8D22C38806009E30D1 /* Debug */,
				D553EE8E22C38806009E30D1 /* Release */,
			);
			defaultConfigurationIsVisible = 0;
			defaultConfigurationName = Release;
		};
		D553EE8F22C38806009E30D1 /* Build configuration list for PBXNativeTarget "CurrentLocationDemo" */ = {
			isa = XCConfigurationList;
			buildConfigurations = (
				D553EE9022C38806009E30D1 /* Debug */,
				D553EE9122C38806009E30D1 /* Release */,
			);
			defaultConfigurationIsVisible = 0;
			defaultConfigurationName = Release;
		};
/* End XCConfigurationList section */
	};
	rootObject = D553EE7522C38804009E30D1 /* Project object */;
}
